
Microsoft Visual Studio Solution File, Format Version 12.00
# Visual Studio 15
VisualStudioVersion = 15.0.28010.2046
MinimumVisualStudioVersion = 10.0.40219.1
Project("{9A19103F-16F7-4668-BE54-9A1E7A4F7556}") = "AspNetCoreBootstrap4Validation", "AspNetCoreBootstrap4Validation\AspNetCoreBootstrap4Validation.csproj", "{6FF0D279-147B-47E9-8AF7-693A0DD1A8F6}"
EndProject
Project("{2150E333-8FDC-42A3-9474-1A3956D46DE8}") = "Solution Items", "Solution Items", "{7FADC8DE-9D7B-4B72-90AA-0B2A08A1B107}"
	ProjectSection(SolutionItems) = preProject
		README.MD = README.MD
	EndProjectSection
EndProject
Global
	GlobalSection(SolutionConfigurationPlatforms) = preSolution
		Debug|Any CPU = Debug|Any CPU
		Release|Any CPU = Release|Any CPU
	EndGlobalSection
	GlobalSection(ProjectConfigurationPlatforms) = postSolution
		{6FF0D279-147B-47E9-8AF7-693A0DD1A8F6}.Debug|Any CPU.ActiveCfg = Debug|Any CPU
		{6FF0D279-147B-47E9-8AF7-693A0DD1A8F6}.Debug|Any CPU.Build.0 = Debug|Any CPU
		{6FF0D279-147B-47E9-8AF7-693A0DD1A8F6}.Release|Any CPU.ActiveCfg = Release|Any CPU
		{6FF0D279-147B-47E9-8AF7-693A0DD1A8F6}.Release|Any CPU.Build.0 = Release|Any CPU
	EndGlobalSection
	GlobalSection(SolutionProperties) = preSolution
		HideSolutionNode = FALSE
	EndGlobalSection
	GlobalSection(ExtensibilityGlobals) = postSolution
		SolutionGuid = {C45379E5-D1D5-4679-9BEE-A4C68D270A85}
	EndGlobalSection
EndGlobal
